{
  "requires": true,
  "lockfileVersion": 1,
  "dependencies": {
    "onoff": {
      "version": "3.2.2",
      "resolved": "https://registry.npmjs.org/onoff/-/onoff-3.2.2.tgz",
      "integrity": "sha1-8tURjCnW4R751Ka2CqwWCjA0J6I=",
      "requires": {
        "epoll": "^2.0.4",
        "lodash.debounce": "^4.0.8"
      },
      "dependencies": {
        "epoll": {
          "version": "2.0.6",
          "resolved": "https://registry.npmjs.org/epoll/-/epoll-2.0.6.tgz",
          "integrity": "sha1-gfOFYPj+tb7b4IPrN7Do2D8WMyA=",
          "requires": {
            "bindings": "^1.3.0",
            "nan": "^2.11.1"
          },
          "dependencies": {
            "bindings": {
              "version": "1.3.0",
              "resolved": "https://registry.npmjs.org/bindings/-/bindings-1.3.0.tgz",
              "integrity": "sha1-s0b27PapX1qBXFg5/HzbIlAvHtc="
            },
            "nan": {
              "version": "2.11.1",
              "resolved": "https://registry.npmjs.org/nan/-/nan-2.11.1.tgz",
              "integrity": "sha1-kOIrzLjKV+pM03zIPTgZtS7qZ2Y="
            }
          }
        },
        "lodash.debounce": {
          "version": "4.0.8",
          "resolved": "https://registry.npmjs.org/lodash.debounce/-/lodash.debounce-4.0.8.tgz",
          "integrity": "sha1-gteb/zCmfEAF/9XiUVMArZyk168="
        }
      }
    }
  }
}
